
Microsoft Visual Studio Solution File, Format Version 12.00
# Visual Studio 15
Project("{FAE04EC0-301F-11D3-BF4B-00C04F79EFBC}") = "ShellExample.Android", "ShellExample.Android\ShellExample.Android.csproj", "{B0AE6845-F56A-4078-81CB-405789FA3B24}"
EndProject
Project("{FAE04EC0-301F-11D3-BF4B-00C04F79EFBC}") = "ShellExample.iOS", "ShellExample.iOS\ShellExample.iOS.csproj", "{939A887E-4FC6-466F-8721-06B4B5C08748}"
EndProject
Project("{FAE04EC0-301F-11D3-BF4B-00C04F79EFBC}") = "ShellExample", "ShellExample\ShellExample.csproj", "{31318A79-96C0-44EF-BB2A-78E1C40D097A}"
EndProject
Global
	GlobalSection(SolutionConfigurationPlatforms) = preSolution
		Debug|Any CPU = Debug|Any CPU
		Release|Any CPU = Release|Any CPU
		Debug|iPhoneSimulator = Debug|iPhoneSimulator
		Release|iPhoneSimulator = Release|iPhoneSimulator
		Debug|iPhone = Debug|iPhone
		Release|iPhone = Release|iPhone
	EndGlobalSection
	GlobalSection(ProjectConfigurationPlatforms) = postSolution
		{B0AE6845-F56A-4078-81CB-405789FA3B24}.Debug|Any CPU.ActiveCfg = Debug|Any CPU
		{B0AE6845-F56A-4078-81CB-405789FA3B24}.Debug|Any CPU.Build.0 = Debug|Any CPU
		{B0AE6845-F56A-4078-81CB-405789FA3B24}.Release|Any CPU.ActiveCfg = Release|Any CPU
		{B0AE6845-F56A-4078-81CB-405789FA3B24}.Release|Any CPU.Build.0 = Release|Any CPU
		{B0AE6845-F56A-4078-81CB-405789FA3B24}.Debug|iPhoneSimulator.ActiveCfg = Debug|Any CPU
		{B0AE6845-F56A-4078-81CB-405789FA3B24}.Debug|iPhoneSimulator.Build.0 = Debug|Any CPU
		{B0AE6845-F56A-4078-81CB-405789FA3B24}.Release|iPhoneSimulator.ActiveCfg = Release|Any CPU
		{B0AE6845-F56A-4078-81CB-405789FA3B24}.Release|iPhoneSimulator.Build.0 = Release|Any CPU
		{B0AE6845-F56A-4078-81CB-405789FA3B24}.Debug|iPhone.ActiveCfg = Debug|Any CPU
		{B0AE6845-F56A-4078-81CB-405789FA3B24}.Debug|iPhone.Build.0 = Debug|Any CPU
		{B0AE6845-F56A-4078-81CB-405789FA3B24}.Release|iPhone.ActiveCfg = Release|Any CPU
		{B0AE6845-F56A-4078-81CB-405789FA3B24}.Release|iPhone.Build.0 = Release|Any CPU
		{939A887E-4FC6-466F-8721-06B4B5C08748}.Debug|Any CPU.ActiveCfg = Debug|iPhoneSimulator
		{939A887E-4FC6-466F-8721-06B4B5C08748}.Debug|Any CPU.Build.0 = Debug|iPhoneSimulator
		{939A887E-4FC6-466F-8721-06B4B5C08748}.Release|Any CPU.ActiveCfg = Release|iPhoneSimulator
		{939A887E-4FC6-466F-8721-06B4B5C08748}.Release|Any CPU.Build.0 = Release|iPhoneSimulator
		{939A887E-4FC6-466F-8721-06B4B5C08748}.Debug|iPhoneSimulator.ActiveCfg = Debug|iPhoneSimulator
		{939A887E-4FC6-466F-8721-06B4B5C08748}.Debug|iPhoneSimulator.Build.0 = Debug|iPhoneSimulator
		{939A887E-4FC6-466F-8721-06B4B5C08748}.Release|iPhoneSimulator.ActiveCfg = Release|iPhoneSimulator
		{939A887E-4FC6-466F-8721-06B4B5C08748}.Release|iPhoneSimulator.Build.0 = Release|iPhoneSimulator
		{939A887E-4FC6-466F-8721-06B4B5C08748}.Debug|iPhone.ActiveCfg = Debug|iPhone
		{939A887E-4FC6-466F-8721-06B4B5C08748}.Debug|iPhone.Build.0 = Debug|iPhone
		{939A887E-4FC6-466F-8721-06B4B5C08748}.Release|iPhone.ActiveCfg = Release|iPhone
		{939A887E-4FC6-466F-8721-06B4B5C08748}.Release|iPhone.Build.0 = Release|iPhone
		{31318A79-96C0-44EF-BB2A-78E1C40D097A}.Debug|Any CPU.ActiveCfg = Debug|Any CPU
		{31318A79-96C0-44EF-BB2A-78E1C40D097A}.Debug|Any CPU.Build.0 = Debug|Any CPU
		{31318A79-96C0-44EF-BB2A-78E1C40D097A}.Release|Any CPU.ActiveCfg = Release|Any CPU
		{31318A79-96C0-44EF-BB2A-78E1C40D097A}.Release|Any CPU.Build.0 = Release|Any CPU
		{31318A79-96C0-44EF-BB2A-78E1C40D097A}.Debug|iPhoneSimulator.ActiveCfg = Debug|Any CPU
		{31318A79-96C0-44EF-BB2A-78E1C40D097A}.Debug|iPhoneSimulator.Build.0 = Debug|Any CPU
		{31318A79-96C0-44EF-BB2A-78E1C40D097A}.Release|iPhoneSimulator.ActiveCfg = Release|Any CPU
		{31318A79-96C0-44EF-BB2A-78E1C40D097A}.Release|iPhoneSimulator.Build.0 = Release|Any CPU
		{31318A79-96C0-44EF-BB2A-78E1C40D097A}.Debug|iPhone.ActiveCfg = Debug|Any CPU
		{31318A79-96C0-44EF-BB2A-78E1C40D097A}.Debug|iPhone.Build.0 = Debug|Any CPU
		{31318A79-96C0-44EF-BB2A-78E1C40D097A}.Release|iPhone.ActiveCfg = Release|Any CPU
		{31318A79-96C0-44EF-BB2A-78E1C40D097A}.Release|iPhone.Build.0 = Release|Any CPU
	EndGlobalSection
EndGlobal
